// !$*UTF8*$!
{
	archiveVersion = 1;
	classes = {
	};
	objectVersion = 50;
	objects = {

/* Begin PBXBuildFile section */
		43BB4A7525F8B8BE0013444B /* NinetyNineApp.swift in Sources */ = {isa = PBXBuildFile; fileRef = 43BB4A7425F8B8BE0013444B /* NinetyNineApp.swift */; };
		43BB4A7725F8B8BE0013444B /* ContentView.swift in Sources */ = {isa = PBXBuildFile; fileRef = 43BB4A7625F8B8BE0013444B /* ContentView.swift */; };
		43BB4A7925F8B8C10013444B /* Assets.xcassets in Resources */ = {isa = PBXBuildFile; fileRef = 43BB4A7825F8B8C10013444B /* Assets.xcassets */; };
		43BB4A7C25F8B8C10013444B /* Preview Assets.xcassets in Resources */ = {isa = PBXBuildFile; fileRef = 43BB4A7B25F8B8C10013444B /* Preview Assets.xcassets */; };
		43BB4A8525F8B8DC0013444B /* GameView.swift in Sources */ = {isa = PBXBuildFile; fileRef = 43BB4A8425F8B8DC0013444B /* GameView.swift */; };
		43BB4A8925F8BA3F0013444B /* RuleView.swift in Sources */ = {isa = PBXBuildFile; fileRef = 43BB4A8825F8BA3F0013444B /* RuleView.swift */; };
/* End PBXBuildFile section */

/* Begin PBXFileReference section */
		43BB4A7125F8B8BE0013444B /* NinetyNine.app */ = {isa = PBXFileReference; explicitFileType = wrapper.application; includeInIndex = 0; path = NinetyNine.app; sourceTree = BUILT_PRODUCTS_DIR; };
		43BB4A7425F8B8BE0013444B /* NinetyNineApp.swift */ = {isa = PBXFileReference; lastKnownFileType = sourcecode.swift; path = NinetyNineApp.swift; sourceTree = "<group>"; };
		43BB4A7625F8B8BE0013444B /* ContentView.swift */ = {isa = PBXFileReference; lastKnownFileType = sourcecode.swift; path = ContentView.swift; sourceTree = "<group>"; };
		43BB4A7825F8B8C10013444B /* Assets.xcassets */ = {isa = PBXFileReference; lastKnownFileType = folder.assetcatalog; path = Assets.xcassets; sourceTree = "<group>"; };
		43BB4A7B25F8B8C10013444B /* Preview Assets.xcassets */ = {isa = PBXFileReference; lastKnownFileType = folder.assetcatalog; path = "Preview Assets.xcassets"; sourceTree = "<group>"; };
		43BB4A7D25F8B8C10013444B /* Info.plist */ = {isa = PBXFileReference; lastKnownFileType = text.plist.xml; path = Info.plist; sourceTree = "<group>"; };
		43BB4A8425F8B8DC0013444B /* GameView.swift */ = {isa = PBXFileReference; lastKnownFileType = sourcecode.swift; path = GameView.swift; sourceTree = "<group>"; };
		43BB4A8825F8BA3F0013444B /* RuleView.swift */ = {isa = PBXFileReference; lastKnownFileType = sourcecode.swift; path = RuleView.swift; sourceTree = "<group>"; };
/* End PBXFileReference section */

/* Begin PBXFrameworksBuildPhase section */
		43BB4A6E25F8B8BE0013444B /* Frameworks */ = {
			isa = PBXFrameworksBuildPhase;
			buildActionMask = 2147483647;
			files = (
			);
			runOnlyForDeploymentPostprocessing = 0;
		};
/* End PBXFrameworksBuildPhase section */

/* Begin PBXGroup section */
		43BB4A6825F8B8BE0013444B = {
			isa = PBXGroup;
			children = (
				43BB4A7325F8B8BE0013444B /* NinetyNine */,
				43BB4A7225F8B8BE0013444B /* Products */,
			);
			sourceTree = "<group>";
		};
		43BB4A7225F8B8BE0013444B /* Products */ = {
			isa = PBXGroup;
			children = (
				43BB4A7125F8B8BE0013444B /* NinetyNine.app */,
			);
			name = Products;
			sourceTree = "<group>";
		};
		43BB4A7325F8B8BE0013444B /* NinetyNine */ = {
			isa = PBXGroup;
			children = (
				43BB4A7425F8B8BE0013444B /* NinetyNineApp.swift */,
				43BB4A8425F8B8DC0013444B /* GameView.swift */,
				43BB4A8825F8BA3F0013444B /* RuleView.swift */,
				43BB4A7625F8B8BE0013444B /* ContentView.swift */,
				43BB4A7825F8B8C10013444B /* Assets.xcassets */,
				43BB4A7D25F8B8C10013444B /* Info.plist */,
				43BB4A7A25F8B8C10013444B /* Preview Content */,
			);
			path = NinetyNine;
			sourceTree = "<group>";
		};
		43BB4A7A25F8B8C10013444B /* Preview Content */ = {
			isa = PBXGroup;
			children = (
				43BB4A7B25F8B8C10013444B /* Preview Assets.xcassets */,
			);
			path = "Preview Content";
			sourceTree = "<group>";
		};
/* End PBXGroup section */

/* Begin PBXNativeTarget section */
		43BB4A7025F8B8BE0013444B /* NinetyNine */ = {
			isa = PBXNativeTarget;
			buildConfigurationList = 43BB4A8025F8B8C10013444B /* Build configuration list for PBXNativeTarget "NinetyNine" */;
			buildPhases = (
				43BB4A6D25F8B8BE0013444B /* Sources */,
				43BB4A6E25F8B8BE0013444B /* Frameworks */,
				43BB4A6F25F8B8BE0013444B /* Resources */,
			);
			buildRules = (
			);
			dependencies = (
			);
			name = NinetyNine;
			productName = NinetyNine;
			productReference = 43BB4A7125F8B8BE0013444B /* NinetyNine.app */;
			productType = "com.apple.product-type.application";
		};
/* End PBXNativeTarget section */

/* Begin PBXProject section */
		43BB4A6925F8B8BE0013444B /* Project object */ = {
			isa = PBXProject;
			attributes = {
				LastSwiftUpdateCheck = 1240;
				LastUpgradeCheck = 1240;
				TargetAttributes = {
					43BB4A7025F8B8BE0013444B = {
						CreatedOnToolsVersion = 12.4;
					};
				};
			};
			buildConfigurationList = 43BB4A6C25F8B8BE0013444B /* Build configuration list for PBXProject "NinetyNine" */;
			compatibilityVersion = "Xcode 9.3";
			developmentRegion = en;
			hasScannedForEncodings = 0;
			knownRegions = (
				en,
				Base,
			);
			mainGroup = 43BB4A6825F8B8BE0013444B;
			productRefGroup = 43BB4A7225F8B8BE0013444B /* Products */;
			projectDirPath = "";
			projectRoot = "";
			targets = (
				43BB4A7025F8B8BE0013444B /* NinetyNine */,
			);
		};
/* End PBXProject section */

/* Begin PBXResourcesBuildPhase section */
		43BB4A6F25F8B8BE0013444B /* Resources */ = {
			isa = PBXResourcesBuildPhase;
			buildActionMask = 2147483647;
			files = (
				43BB4A7C25F8B8C10013444B /* Preview Assets.xcassets in Resources */,
				43BB4A7925F8B8C10013444B /* Assets.xcassets in Resources */,
			);
			runOnlyForDeploymentPostprocessing = 0;
		};
/* End PBXResourcesBuildPhase section */

/* Begin PBXSourcesBuildPhase section */
		43BB4A6D25F8B8BE0013444B /* Sources */ = {
			isa = PBXSourcesBuildPhase;
			buildActionMask = 2147483647;
			files = (
				43BB4A8925F8BA3F0013444B /* RuleView.swift in Sources */,
				43BB4A7725F8B8BE0013444B /* ContentView.swift in Sources */,
				43BB4A8525F8B8DC0013444B /* GameView.swift in Sources */,
				43BB4A7525F8B8BE0013444B /* NinetyNineApp.swift in Sources */,
			);
			runOnlyForDeploymentPostprocessing = 0;
		};
/* End PBXSourcesBuildPhase section */

/* Begin XCBuildConfiguration section */
		43BB4A7E25F8B8C10013444B /* Debug */ = {
			isa = XCBuildConfiguration;
			buildSettings = {
				ALWAYS_SEARCH_USER_PATHS = NO;
				CLANG_ANALYZER_NONNULL = YES;
				CLANG_ANALYZER_NUMBER_OBJECT_CONVERSION = YES_AGGRESSIVE;
				CLANG_CXX_LANGUAGE_STANDARD = "gnu++14";
				CLANG_CXX_LIBRARY = "libc++";
				CLANG_ENABLE_MODULES = YES;
				CLANG_ENABLE_OBJC_ARC = YES;
				CLANG_ENABLE_OBJC_WEAK = YES;
				CLANG_WARN_BLOCK_CAPTURE_AUTORELEASING = YES;
				CLANG_WARN_BOOL_CONVERSION = YES;
				CLANG_WARN_COMMA = YES;
				CLANG_WARN_CONSTANT_CONVERSION = YES;
				CLANG_WARN_DEPRECATED_OBJC_IMPLEMENTATIONS = YES;
				CLANG_WARN_DIRECT_OBJC_ISA_USAGE = YES_ERROR;
				CLANG_WARN_DOCUMENTATION_COMMENTS = YES;
				CLANG_WARN_EMPTY_BODY = YES;
				CLANG_WARN_ENUM_CONVERSION = YES;
				CLANG_WARN_INFINITE_RECURSION = YES;
				CLANG_WARN_INT_CONVERSION = YES;
				CLANG_WARN_NON_LITERAL_NULL_CONVERSION = YES;
				CLANG_WARN_OBJC_IMPLICIT_RETAIN_SELF = YES;
				CLANG_WARN_OBJC_LITERAL_CONVERSION = YES;
				CLANG_WARN_OBJC_ROOT_CLASS = YES_ERROR;
				CLANG_WARN_QUOTED_INCLUDE_IN_FRAMEWORK_HEADER = YES;
				CLANG_WARN_RANGE_LOOP_ANALYSIS = YES;
				CLANG_WARN_STRICT_PROTOTYPES = YES;
				CLANG_WARN_SUSPICIOUS_MOVE = YES;
				CLANG_WARN_UNGUARDED_AVAILABILITY = YES_AGGRESSIVE;
				CLANG_WARN_UNREACHABLE_CODE = YES;
				CLANG_WARN__DUPLICATE_METHOD_MATCH = YES;
				COPY_PHASE_STRIP = NO;
				DEBUG_INFORMATION_FORMAT = dwarf;
				ENABLE_STRICT_OBJC_MSGSEND = YES;
				ENABLE_TESTABILITY = YES;
				GCC_C_LANGUAGE_STANDARD = gnu11;
				GCC_DYNAMIC_NO_PIC = NO;
				GCC_NO_COMMON_BLOCKS = YES;
				GCC_OPTIMIZATION_LEVEL = 0;
				GCC_PREPROCESSOR_DEFINITIONS = (
					"DEBUG=1",
					"$(inherited)",
				);
				GCC_WARN_64_TO_32_BIT_CONVERSION = YES;
				GCC_WARN_ABOUT_RETURN_TYPE = YES_ERROR;
				GCC_WARN_UNDECLARED_SELECTOR = YES;
				GCC_WARN_UNINITIALIZED_AUTOS = YES_AGGRESSIVE;
				GCC_WARN_UNUSED_FUNCTION = YES;
				GCC_WARN_UNUSED_VARIABLE = YES;
				IPHONEOS_DEPLOYMENT_TARGET = 14.4;
				MTL_ENABLE_DEBUG_INFO = INCLUDE_SOURCE;
				MTL_FAST_MATH = YES;
				ONLY_ACTIVE_ARCH = YES;
				SDKROOT = iphoneos;
				SWIFT_ACTIVE_COMPILATION_CONDITIONS = DEBUG;
				SWIFT_OPTIMIZATION_LEVEL = "-Onone";
			};
			name = Debug;
		};
		43BB4A7F25F8B8C10013444B /* Release */ = {
			isa = XCBuildConfiguration;
			buildSettings = {
				ALWAYS_SEARCH_USER_PATHS = NO;
				CLANG_ANALYZER_NONNULL = YES;
				CLANG_ANALYZER_NUMBER_OBJECT_CONVERSION = YES_AGGRESSIVE;
				CLANG_CXX_LANGUAGE_STANDARD = "gnu++14";
				CLANG_CXX_LIBRARY = "libc++";
				CLANG_ENABLE_MODULES = YES;
				CLANG_ENABLE_OBJC_ARC = YES;
				CLANG_ENABLE_OBJC_WEAK = YES;
				CLANG_WARN_BLOCK_CAPTURE_AUTORELEASING = YES;
				CLANG_WARN_BOOL_CONVERSION = YES;
				CLANG_WARN_COMMA = YES;
				CLANG_WARN_CONSTANT_CONVERSION = YES;
				CLANG_WARN_DEPRECATED_OBJC_IMPLEMENTATIONS = YES;
				CLANG_WARN_DIRECT_OBJC_ISA_USAGE = YES_ERROR;
				CLANG_WARN_DOCUMENTATION_COMMENTS = YES;
				CLANG_WARN_EMPTY_BODY = YES;
				CLANG_WARN_ENUM_CONVERSION = YES;
				CLANG_WARN_INFINITE_RECURSION = YES;
				CLANG_WARN_INT_CONVERSION = YES;
				CLANG_WARN_NON_LITERAL_NULL_CONVERSION = YES;
				CLANG_WARN_OBJC_IMPLICIT_RETAIN_SELF = YES;
				CLANG_WARN_OBJC_LITERAL_CONVERSION = YES;
				CLANG_WARN_OBJC_ROOT_CLASS = YES_ERROR;
				CLANG_WARN_QUOTED_INCLUDE_IN_FRAMEWORK_HEADER = YES;
				CLANG_WARN_RANGE_LOOP_ANALYSIS = YES;
				CLANG_WARN_STRICT_PROTOTYPES = YES;
				CLANG_WARN_SUSPICIOUS_MOVE = YES;
				CLANG_WARN_UNGUARDED_AVAILABILITY = YES_AGGRESSIVE;
				CLANG_WARN_UNREACHABLE_CODE = YES;
				CLANG_WARN__DUPLICATE_METHOD_MATCH = YES;
				COPY_PHASE_STRIP = NO;
				DEBUG_INFORMATION_FORMAT = "dwarf-with-dsym";
				ENABLE_NS_ASSERTIONS = NO;
				ENABLE_STRICT_OBJC_MSGSEND = YES;
				GCC_C_LANGUAGE_STANDARD = gnu11;
				GCC_NO_COMMON_BLOCKS = YES;
				GCC_WARN_64_TO_32_BIT_CONVERSION = YES;
				GCC_WARN_ABOUT_RETURN_TYPE = YES_ERROR;
				GCC_WARN_UNDECLARED_SELECTOR = YES;
				GCC_WARN_UNINITIALIZED_AUTOS = YES_AGGRESSIVE;
				GCC_WARN_UNUSED_FUNCTION = YES;
				GCC_WARN_UNUSED_VARIABLE = YES;
				IPHONEOS_DEPLOYMENT_TARGET = 14.4;
				MTL_ENABLE_DEBUG_INFO = NO;
				MTL_FAST_MATH = YES;
				SDKROOT = iphoneos;
				SWIFT_COMPILATION_MODE = wholemodule;
				SWIFT_OPTIMIZATION_LEVEL = "-O";
				VALIDATE_PRODUCT = YES;
			};
			name = Release;
		};
		43BB4A8125F8B8C10013444B /* Debug */ = {
			isa = XCBuildConfiguration;
			buildSettings = {
				ASSETCATALOG_COMPILER_APPICON_NAME = AppIcon;
				ASSETCATALOG_COMPILER_GLOBAL_ACCENT_COLOR_NAME = AccentColor;
				CODE_SIGN_STYLE = Automatic;
				DEVELOPMENT_ASSET_PATHS = "\"NinetyNine/Preview Content\"";
				ENABLE_PREVIEWS = YES;
				INFOPLIST_FILE = NinetyNine/Info.plist;
				IPHONEOS_DEPLOYMENT_TARGET = 14.0;
				LD_RUNPATH_SEARCH_PATHS = (
					"$(inherited)",
					"@executable_path/Frameworks",
				);
				PRODUCT_BUNDLE_IDENTIFIER = rachel.NinetyNine;
				PRODUCT_NAME = "$(TARGET_NAME)";
				SWIFT_VERSION = 5.0;
				TARGETED_DEVICE_FAMILY = "1,2";
			};
			name = Debug;
		};
		43BB4A8225F8B8C10013444B /* Release */ = {
			isa = XCBuildConfiguration;
			buildSettings = {
				ASSETCATALOG_COMPILER_APPICON_NAME = AppIcon;
				ASSETCATALOG_COMPILER_GLOBAL_ACCENT_COLOR_NAME = AccentColor;
				CODE_SIGN_STYLE = Automatic;
				DEVELOPMENT_ASSET_PATHS = "\"NinetyNine/Preview Content\"";
				ENABLE_PREVIEWS = YES;
				INFOPLIST_FILE = NinetyNine/Info.plist;
				IPHONEOS_DEPLOYMENT_TARGET = 14.0;
				LD_RUNPATH_SEARCH_PATHS = (
					"$(inherited)",
					"@executable_path/Frameworks",
				);
				PRODUCT_BUNDLE_IDENTIFIER = rachel.NinetyNine;
				PRODUCT_NAME = "$(TARGET_NAME)";
				SWIFT_VERSION = 5.0;
				TARGETED_DEVICE_FAMILY = "1,2";
			};
			name = Release;
		};
/* End XCBuildConfiguration section */

/* Begin XCConfigurationList section */
		43BB4A6C25F8B8BE0013444B /* Build configuration list for PBXProject "NinetyNine" */ = {
			isa = XCConfigurationList;
			buildConfigurations = (
				43BB4A7E25F8B8C10013444B /* Debug */,
				43BB4A7F25F8B8C10013444B /* Release */,
			);
			defaultConfigurationIsVisible = 0;
			defaultConfigurationName = Release;
		};
		43BB4A8025F8B8C10013444B /* Build configuration list for PBXNativeTarget "NinetyNine" */ = {
			isa = XCConfigurationList;
			buildConfigurations = (
				43BB4A8125F8B8C10013444B /* Debug */,
				43BB4A8225F8B8C10013444B /* Release */,
			);
			defaultConfigurationIsVisible = 0;
			defaultConfigurationName = Release;
		};
/* End XCConfigurationList section */
	};
	rootObject = 43BB4A6925F8B8BE0013444B /* Project object */;
}
